{
  "name": "altv-server",
  "version": "1.0.0",
  "lockfileVersion": 2,
  "requires": true,
  "packages": {
    "": {
      "name": "altv-server",
      "version": "1.0.0",
      "license": "ISC",
      "dependencies": {
        "json-loader": "^0.5.7",
        "svg-gauge": "^1.0.6",
        "typescript": "^4.2.3"
      },
      "devDependencies": {
        "@altv/types-client": "^1.5.4",
        "@altv/types-natives": "^1.2.2",
        "@altv/types-server": "^1.7.4",
        "@altv/types-webview": "^1.0.2",
        "@types/node": "^14.14.37"
      }
    },
    "node_modules/@altv/types-client": {
      "version": "1.5.4",
      "resolved": "https://registry.npmjs.org/@altv/types-client/-/types-client-1.5.4.tgz",
      "integrity": "sha512-C02hZFzTOHGpjwSyFcFN2yjR3uANX66strFDkY/QG7z90DU1RoMuzHAmsALrJDAsGmbUtJAMez2/mXyjh6ZT+A==",
      "dev": true
    },
    "node_modules/@altv/types-natives": {
      "version": "1.2.2",
      "resolved": "https://registry.npmjs.org/@altv/types-natives/-/types-natives-1.2.2.tgz",
      "integrity": "sha512-9v2tahu6nt8F2k3/oeGfM2ez0mo2MPnCcl97KYgXTn38L92xIefXcxdaGTHL6hLYE3PcF21RqBoQy2vVRCBYEw==",
      "dev": true
    },
    "node_modules/@altv/types-server": {
      "version": "1.7.4",
      "resolved": "https://registry.npmjs.org/@altv/types-server/-/types-server-1.7.4.tgz",
      "integrity": "sha512-4ZZAYfR5mU7r9O9XnM7BVwYeBHeg/WnnO9XqzMiMdfTWotXPZE0SFSmmyM+qOZSqCA7/pQjBEpYAgy/KJ6VW2Q==",
      "dev": true
    },
    "node_modules/@altv/types-webview": {
      "version": "1.0.2",
      "resolved": "https://registry.npmjs.org/@altv/types-webview/-/types-webview-1.0.2.tgz",
      "integrity": "sha512-3RceTutIDS/XV8YUn/AiSe61BERBb6LfCCQxIcN5bvlh26lPXC0naxtQTcG39pSgj8a5iiVT8LaRNdEZP6JBcA==",
      "dev": true
    },
    "node_modules/@types/node": {
      "version": "14.14.37",
      "resolved": "https://registry.npmjs.org/@types/node/-/node-14.14.37.tgz",
      "integrity": "sha512-XYmBiy+ohOR4Lh5jE379fV2IU+6Jn4g5qASinhitfyO71b/sCo6MKsMLF5tc7Zf2CE8hViVQyYSobJNke8OvUw==",
      "dev": true
    },
    "node_modules/json-loader": {
      "version": "0.5.7",
      "resolved": "https://registry.npmjs.org/json-loader/-/json-loader-0.5.7.tgz",
      "integrity": "sha512-QLPs8Dj7lnf3e3QYS1zkCo+4ZwqOiF9d/nZnYozTISxXWCfNs9yuky5rJw4/W34s7POaNlbZmQGaB5NiXCbP4w=="
    },
    "node_modules/svg-gauge": {
      "version": "1.0.6",
      "resolved": "https://registry.npmjs.org/svg-gauge/-/svg-gauge-1.0.6.tgz",
      "integrity": "sha512-gRkznVhtS18eOM/GMPDXAvrLZOpqzNVDg4bFAPAEjiDKd1tZHFIe8Bwt3G6TFg/H+pFboetPPI+zoV+bOL26QQ=="
    },
    "node_modules/typescript": {
      "version": "4.2.3",
      "resolved": "https://registry.npmjs.org/typescript/-/typescript-4.2.3.tgz",
      "integrity": "sha512-qOcYwxaByStAWrBf4x0fibwZvMRG+r4cQoTjbPtUlrWjBHbmCAww1i448U0GJ+3cNNEtebDteo/cHOR3xJ4wEw==",
      "bin": {
        "tsc": "bin/tsc",
        "tsserver": "bin/tsserver"
      },
      "engines": {
        "node": ">=4.2.0"
      }
    }
  },
  "dependencies": {
    "@altv/types-client": {
      "version": "1.5.4",
      "resolved": "https://registry.npmjs.org/@altv/types-client/-/types-client-1.5.4.tgz",
      "integrity": "sha512-C02hZFzTOHGpjwSyFcFN2yjR3uANX66strFDkY/QG7z90DU1RoMuzHAmsALrJDAsGmbUtJAMez2/mXyjh6ZT+A==",
      "dev": true
    },
    "@altv/types-natives": {
      "version": "1.2.2",
      "resolved": "https://registry.npmjs.org/@altv/types-natives/-/types-natives-1.2.2.tgz",
      "integrity": "sha512-9v2tahu6nt8F2k3/oeGfM2ez0mo2MPnCcl97KYgXTn38L92xIefXcxdaGTHL6hLYE3PcF21RqBoQy2vVRCBYEw==",
      "dev": true
    },
    "@altv/types-server": {
      "version": "1.7.4",
      "resolved": "https://registry.npmjs.org/@altv/types-server/-/types-server-1.7.4.tgz",
      "integrity": "sha512-4ZZAYfR5mU7r9O9XnM7BVwYeBHeg/WnnO9XqzMiMdfTWotXPZE0SFSmmyM+qOZSqCA7/pQjBEpYAgy/KJ6VW2Q==",
      "dev": true
    },
    "@altv/types-webview": {
      "version": "1.0.2",
      "resolved": "https://registry.npmjs.org/@altv/types-webview/-/types-webview-1.0.2.tgz",
      "integrity": "sha512-3RceTutIDS/XV8YUn/AiSe61BERBb6LfCCQxIcN5bvlh26lPXC0naxtQTcG39pSgj8a5iiVT8LaRNdEZP6JBcA==",
      "dev": true
    },
    "@types/node": {
      "version": "14.14.37",
      "resolved": "https://registry.npmjs.org/@types/node/-/node-14.14.37.tgz",
      "integrity": "sha512-XYmBiy+ohOR4Lh5jE379fV2IU+6Jn4g5qASinhitfyO71b/sCo6MKsMLF5tc7Zf2CE8hViVQyYSobJNke8OvUw==",
      "dev": true
    },
    "json-loader": {
      "version": "0.5.7",
      "resolved": "https://registry.npmjs.org/json-loader/-/json-loader-0.5.7.tgz",
      "integrity": "sha512-QLPs8Dj7lnf3e3QYS1zkCo+4ZwqOiF9d/nZnYozTISxXWCfNs9yuky5rJw4/W34s7POaNlbZmQGaB5NiXCbP4w=="
    },
    "svg-gauge": {
      "version": "1.0.6",
      "resolved": "https://registry.npmjs.org/svg-gauge/-/svg-gauge-1.0.6.tgz",
      "integrity": "sha512-gRkznVhtS18eOM/GMPDXAvrLZOpqzNVDg4bFAPAEjiDKd1tZHFIe8Bwt3G6TFg/H+pFboetPPI+zoV+bOL26QQ=="
    },
    "typescript": {
      "version": "4.2.3",
      "resolved": "https://registry.npmjs.org/typescript/-/typescript-4.2.3.tgz",
      "integrity": "sha512-qOcYwxaByStAWrBf4x0fibwZvMRG+r4cQoTjbPtUlrWjBHbmCAww1i448U0GJ+3cNNEtebDteo/cHOR3xJ4wEw=="
    }
  }
}
